// !$*UTF8*$!
{
	archiveVersion = 1;
	classes = {
	};
	objectVersion = 50;
	objects = {

/* Begin PBXBuildFile section */
		DE06C62A24B30AF50072DDCE /* AppDelegate.swift in Sources */ = {isa = PBXBuildFile; fileRef = DE06C62924B30AF50072DDCE /* AppDelegate.swift */; };
		DE06C62C24B30AF50072DDCE /* SceneDelegate.swift in Sources */ = {isa = PBXBuildFile; fileRef = DE06C62B24B30AF50072DDCE /* SceneDelegate.swift */; };
		DE06C62E24B30AF50072DDCE /* ViewController.swift in Sources */ = {isa = PBXBuildFile; fileRef = DE06C62D24B30AF50072DDCE /* ViewController.swift */; };
		DE06C63124B30AF50072DDCE /* Main.storyboard in Resources */ = {isa = PBXBuildFile; fileRef = DE06C62F24B30AF50072DDCE /* Main.storyboard */; };
		DE06C63324B30AF80072DDCE /* Assets.xcassets in Resources */ = {isa = PBXBuildFile; fileRef = DE06C63224B30AF80072DDCE /* Assets.xcassets */; };
		DE06C63624B30AF80072DDCE /* LaunchScreen.storyboard in Resources */ = {isa = PBXBuildFile; fileRef = DE06C63424B30AF80072DDCE /* LaunchScreen.storyboard */; };
		DE06C64924B30BBF0072DDCE /* Constant.swift in Sources */ = {isa = PBXBuildFile; fileRef = DE06C63E24B30BBF0072DDCE /* Constant.swift */; };
		DE06C64A24B30BBF0072DDCE /* MemoryStorage.swift in Sources */ = {isa = PBXBuildFile; fileRef = DE06C63F24B30BBF0072DDCE /* MemoryStorage.swift */; };
		DE06C64B24B30BBF0072DDCE /* CacheBehavior.swift in Sources */ = {isa = PBXBuildFile; fileRef = DE06C64024B30BBF0072DDCE /* CacheBehavior.swift */; };
		DE06C64C24B30BBF0072DDCE /* DiskStorage.swift in Sources */ = {isa = PBXBuildFile; fileRef = DE06C64124B30BBF0072DDCE /* DiskStorage.swift */; };
		DE06C64D24B30BBF0072DDCE /* MemoryCache.swift in Sources */ = {isa = PBXBuildFile; fileRef = DE06C64224B30BBF0072DDCE /* MemoryCache.swift */; };
		DE06C64E24B30BBF0072DDCE /* DiskCache.swift in Sources */ = {isa = PBXBuildFile; fileRef = DE06C64324B30BBF0072DDCE /* DiskCache.swift */; };
		DE06C64F24B30BBF0072DDCE /* Cache.swift in Sources */ = {isa = PBXBuildFile; fileRef = DE06C64424B30BBF0072DDCE /* Cache.swift */; };
		DE06C65024B30BBF0072DDCE /* MemoryCacheTest.swift in Sources */ = {isa = PBXBuildFile; fileRef = DE06C64624B30BBF0072DDCE /* MemoryCacheTest.swift */; };
		DE06C65124B30BBF0072DDCE /* CacheTest.swift in Sources */ = {isa = PBXBuildFile; fileRef = DE06C64724B30BBF0072DDCE /* CacheTest.swift */; };
		DE06C65224B30BBF0072DDCE /* PerformanceTest.swift in Sources */ = {isa = PBXBuildFile; fileRef = DE06C64824B30BBF0072DDCE /* PerformanceTest.swift */; };
/* End PBXBuildFile section */

/* Begin PBXFileReference section */
		DE06C62624B30AF50072DDCE /* FZHCache.app */ = {isa = PBXFileReference; explicitFileType = wrapper.application; includeInIndex = 0; path = FZHCache.app; sourceTree = BUILT_PRODUCTS_DIR; };
		DE06C62924B30AF50072DDCE /* AppDelegate.swift */ = {isa = PBXFileReference; lastKnownFileType = sourcecode.swift; path = AppDelegate.swift; sourceTree = "<group>"; };
		DE06C62B24B30AF50072DDCE /* SceneDelegate.swift */ = {isa = PBXFileReference; lastKnownFileType = sourcecode.swift; path = SceneDelegate.swift; sourceTree = "<group>"; };
		DE06C62D24B30AF50072DDCE /* ViewController.swift */ = {isa = PBXFileReference; lastKnownFileType = sourcecode.swift; path = ViewController.swift; sourceTree = "<group>"; };
		DE06C63024B30AF50072DDCE /* Base */ = {isa = PBXFileReference; lastKnownFileType = file.storyboard; name = Base; path = Base.lproj/Main.storyboard; sourceTree = "<group>"; };
		DE06C63224B30AF80072DDCE /* Assets.xcassets */ = {isa = PBXFileReference; lastKnownFileType = folder.assetcatalog; path = Assets.xcassets; sourceTree = "<group>"; };
		DE06C63524B30AF80072DDCE /* Base */ = {isa = PBXFileReference; lastKnownFileType = file.storyboard; name = Base; path = Base.lproj/LaunchScreen.storyboard; sourceTree = "<group>"; };
		DE06C63724B30AF80072DDCE /* Info.plist */ = {isa = PBXFileReference; lastKnownFileType = text.plist.xml; path = Info.plist; sourceTree = "<group>"; };
		DE06C63E24B30BBF0072DDCE /* Constant.swift */ = {isa = PBXFileReference; fileEncoding = 4; lastKnownFileType = sourcecode.swift; path = Constant.swift; sourceTree = "<group>"; };
		DE06C63F24B30BBF0072DDCE /* MemoryStorage.swift */ = {isa = PBXFileReference; fileEncoding = 4; lastKnownFileType = sourcecode.swift; path = MemoryStorage.swift; sourceTree = "<group>"; };
		DE06C64024B30BBF0072DDCE /* CacheBehavior.swift */ = {isa = PBXFileReference; fileEncoding = 4; lastKnownFileType = sourcecode.swift; path = CacheBehavior.swift; sourceTree = "<group>"; };
		DE06C64124B30BBF0072DDCE /* DiskStorage.swift */ = {isa = PBXFileReference; fileEncoding = 4; lastKnownFileType = sourcecode.swift; path = DiskStorage.swift; sourceTree = "<group>"; };
		DE06C64224B30BBF0072DDCE /* MemoryCache.swift */ = {isa = PBXFileReference; fileEncoding = 4; lastKnownFileType = sourcecode.swift; path = MemoryCache.swift; sourceTree = "<group>"; };
		DE06C64324B30BBF0072DDCE /* DiskCache.swift */ = {isa = PBXFileReference; fileEncoding = 4; lastKnownFileType = sourcecode.swift; path = DiskCache.swift; sourceTree = "<group>"; };
		DE06C64424B30BBF0072DDCE /* Cache.swift */ = {isa = PBXFileReference; fileEncoding = 4; lastKnownFileType = sourcecode.swift; path = Cache.swift; sourceTree = "<group>"; };
		DE06C64624B30BBF0072DDCE /* MemoryCacheTest.swift */ = {isa = PBXFileReference; fileEncoding = 4; lastKnownFileType = sourcecode.swift; path = MemoryCacheTest.swift; sourceTree = "<group>"; };
		DE06C64724B30BBF0072DDCE /* CacheTest.swift */ = {isa = PBXFileReference; fileEncoding = 4; lastKnownFileType = sourcecode.swift; path = CacheTest.swift; sourceTree = "<group>"; };
		DE06C64824B30BBF0072DDCE /* PerformanceTest.swift */ = {isa = PBXFileReference; fileEncoding = 4; lastKnownFileType = sourcecode.swift; path = PerformanceTest.swift; sourceTree = "<group>"; };
/* End PBXFileReference section */

/* Begin PBXFrameworksBuildPhase section */
		DE06C62324B30AF50072DDCE /* Frameworks */ = {
			isa = PBXFrameworksBuildPhase;
			buildActionMask = 2147483647;
			files = (
			);
			runOnlyForDeploymentPostprocessing = 0;
		};
/* End PBXFrameworksBuildPhase section */

/* Begin PBXGroup section */
		DE06C61D24B30AF50072DDCE = {
			isa = PBXGroup;
			children = (
				DE06C62824B30AF50072DDCE /* FZHCache */,
				DE06C62724B30AF50072DDCE /* Products */,
			);
			sourceTree = "<group>";
		};
		DE06C62724B30AF50072DDCE /* Products */ = {
			isa = PBXGroup;
			children = (
				DE06C62624B30AF50072DDCE /* FZHCache.app */,
			);
			name = Products;
			sourceTree = "<group>";
		};
		DE06C62824B30AF50072DDCE /* FZHCache */ = {
			isa = PBXGroup;
			children = (
				DE06C63D24B30BBF0072DDCE /* Source */,
				DE06C64524B30BBF0072DDCE /* Test */,
				DE06C62924B30AF50072DDCE /* AppDelegate.swift */,
				DE06C62B24B30AF50072DDCE /* SceneDelegate.swift */,
				DE06C62D24B30AF50072DDCE /* ViewController.swift */,
				DE06C62F24B30AF50072DDCE /* Main.storyboard */,
				DE06C63224B30AF80072DDCE /* Assets.xcassets */,
				DE06C63424B30AF80072DDCE /* LaunchScreen.storyboard */,
				DE06C63724B30AF80072DDCE /* Info.plist */,
			);
			path = FZHCache;
			sourceTree = "<group>";
		};
		DE06C63D24B30BBF0072DDCE /* Source */ = {
			isa = PBXGroup;
			children = (
				DE06C63E24B30BBF0072DDCE /* Constant.swift */,
				DE06C63F24B30BBF0072DDCE /* MemoryStorage.swift */,
				DE06C64024B30BBF0072DDCE /* CacheBehavior.swift */,
				DE06C64124B30BBF0072DDCE /* DiskStorage.swift */,
				DE06C64224B30BBF0072DDCE /* MemoryCache.swift */,
				DE06C64324B30BBF0072DDCE /* DiskCache.swift */,
				DE06C64424B30BBF0072DDCE /* Cache.swift */,
			);
			path = Source;
			sourceTree = "<group>";
		};
		DE06C64524B30BBF0072DDCE /* Test */ = {
			isa = PBXGroup;
			children = (
				DE06C64624B30BBF0072DDCE /* MemoryCacheTest.swift */,
				DE06C64724B30BBF0072DDCE /* CacheTest.swift */,
				DE06C64824B30BBF0072DDCE /* PerformanceTest.swift */,
			);
			path = Test;
			sourceTree = "<group>";
		};
/* End PBXGroup section */

/* Begin PBXNativeTarget section */
		DE06C62524B30AF50072DDCE /* FZHCache */ = {
			isa = PBXNativeTarget;
			buildConfigurationList = DE06C63A24B30AF80072DDCE /* Build configuration list for PBXNativeTarget "FZHCache" */;
			buildPhases = (
				DE06C62224B30AF50072DDCE /* Sources */,
				DE06C62324B30AF50072DDCE /* Frameworks */,
				DE06C62424B30AF50072DDCE /* Resources */,
			);
			buildRules = (
			);
			dependencies = (
			);
			name = FZHCache;
			productName = FZHCache;
			productReference = DE06C62624B30AF50072DDCE /* FZHCache.app */;
			productType = "com.apple.product-type.application";
		};
/* End PBXNativeTarget section */

/* Begin PBXProject section */
		DE06C61E24B30AF50072DDCE /* Project object */ = {
			isa = PBXProject;
			attributes = {
				LastSwiftUpdateCheck = 1130;
				LastUpgradeCheck = 1130;
				ORGANIZATIONNAME = Phil.Feng;
				TargetAttributes = {
					DE06C62524B30AF50072DDCE = {
						CreatedOnToolsVersion = 11.3.1;
					};
				};
			};
			buildConfigurationList = DE06C62124B30AF50072DDCE /* Build configuration list for PBXProject "FZHCache" */;
			compatibilityVersion = "Xcode 9.3";
			developmentRegion = en;
			hasScannedForEncodings = 0;
			knownRegions = (
				en,
				Base,
			);
			mainGroup = DE06C61D24B30AF50072DDCE;
			productRefGroup = DE06C62724B30AF50072DDCE /* Products */;
			projectDirPath = "";
			projectRoot = "";
			targets = (
				DE06C62524B30AF50072DDCE /* FZHCache */,
			);
		};
/* End PBXProject section */

/* Begin PBXResourcesBuildPhase section */
		DE06C62424B30AF50072DDCE /* Resources */ = {
			isa = PBXResourcesBuildPhase;
			buildActionMask = 2147483647;
			files = (
				DE06C63624B30AF80072DDCE /* LaunchScreen.storyboard in Resources */,
				DE06C63324B30AF80072DDCE /* Assets.xcassets in Resources */,
				DE06C63124B30AF50072DDCE /* Main.storyboard in Resources */,
			);
			runOnlyForDeploymentPostprocessing = 0;
		};
/* End PBXResourcesBuildPhase section */

/* Begin PBXSourcesBuildPhase section */
		DE06C62224B30AF50072DDCE /* Sources */ = {
			isa = PBXSourcesBuildPhase;
			buildActionMask = 2147483647;
			files = (
				DE06C62E24B30AF50072DDCE /* ViewController.swift in Sources */,
				DE06C64D24B30BBF0072DDCE /* MemoryCache.swift in Sources */,
				DE06C64C24B30BBF0072DDCE /* DiskStorage.swift in Sources */,
				DE06C62A24B30AF50072DDCE /* AppDelegate.swift in Sources */,
				DE06C64B24B30BBF0072DDCE /* CacheBehavior.swift in Sources */,
				DE06C64E24B30BBF0072DDCE /* DiskCache.swift in Sources */,
				DE06C64F24B30BBF0072DDCE /* Cache.swift in Sources */,
				DE06C62C24B30AF50072DDCE /* SceneDelegate.swift in Sources */,
				DE06C64924B30BBF0072DDCE /* Constant.swift in Sources */,
				DE06C65224B30BBF0072DDCE /* PerformanceTest.swift in Sources */,
				DE06C65024B30BBF0072DDCE /* MemoryCacheTest.swift in Sources */,
				DE06C65124B30BBF0072DDCE /* CacheTest.swift in Sources */,
				DE06C64A24B30BBF0072DDCE /* MemoryStorage.swift in Sources */,
			);
			runOnlyForDeploymentPostprocessing = 0;
		};
/* End PBXSourcesBuildPhase section */

/* Begin PBXVariantGroup section */
		DE06C62F24B30AF50072DDCE /* Main.storyboard */ = {
			isa = PBXVariantGroup;
			children = (
				DE06C63024B30AF50072DDCE /* Base */,
			);
			name = Main.storyboard;
			sourceTree = "<group>";
		};
		DE06C63424B30AF80072DDCE /* LaunchScreen.storyboard */ = {
			isa = PBXVariantGroup;
			children = (
				DE06C63524B30AF80072DDCE /* Base */,
			);
			name = LaunchScreen.storyboard;
			sourceTree = "<group>";
		};
/* End PBXVariantGroup section */

/* Begin XCBuildConfiguration section */
		DE06C63824B30AF80072DDCE /* Debug */ = {
			isa = XCBuildConfiguration;
			buildSettings = {
				ALWAYS_SEARCH_USER_PATHS = NO;
				CLANG_ANALYZER_NONNULL = YES;
				CLANG_ANALYZER_NUMBER_OBJECT_CONVERSION = YES_AGGRESSIVE;
				CLANG_CXX_LANGUAGE_STANDARD = "gnu++14";
				CLANG_CXX_LIBRARY = "libc++";
				CLANG_ENABLE_MODULES = YES;
				CLANG_ENABLE_OBJC_ARC = YES;
				CLANG_ENABLE_OBJC_WEAK = YES;
				CLANG_WARN_BLOCK_CAPTURE_AUTORELEASING = YES;
				CLANG_WARN_BOOL_CONVERSION = YES;
				CLANG_WARN_COMMA = YES;
				CLANG_WARN_CONSTANT_CONVERSION = YES;
				CLANG_WARN_DEPRECATED_OBJC_IMPLEMENTATIONS = YES;
				CLANG_WARN_DIRECT_OBJC_ISA_USAGE = YES_ERROR;
				CLANG_WARN_DOCUMENTATION_COMMENTS = YES;
				CLANG_WARN_EMPTY_BODY = YES;
				CLANG_WARN_ENUM_CONVERSION = YES;
				CLANG_WARN_INFINITE_RECURSION = YES;
				CLANG_WARN_INT_CONVERSION = YES;
				CLANG_WARN_NON_LITERAL_NULL_CONVERSION = YES;
				CLANG_WARN_OBJC_IMPLICIT_RETAIN_SELF = YES;
				CLANG_WARN_OBJC_LITERAL_CONVERSION = YES;
				CLANG_WARN_OBJC_ROOT_CLASS = YES_ERROR;
				CLANG_WARN_RANGE_LOOP_ANALYSIS = YES;
				CLANG_WARN_STRICT_PROTOTYPES = YES;
				CLANG_WARN_SUSPICIOUS_MOVE = YES;
				CLANG_WARN_UNGUARDED_AVAILABILITY = YES_AGGRESSIVE;
				CLANG_WARN_UNREACHABLE_CODE = YES;
				CLANG_WARN__DUPLICATE_METHOD_MATCH = YES;
				COPY_PHASE_STRIP = NO;
				DEBUG_INFORMATION_FORMAT = dwarf;
				ENABLE_STRICT_OBJC_MSGSEND = YES;
				ENABLE_TESTABILITY = YES;
				GCC_C_LANGUAGE_STANDARD = gnu11;
				GCC_DYNAMIC_NO_PIC = NO;
				GCC_NO_COMMON_BLOCKS = YES;
				GCC_OPTIMIZATION_LEVEL = 0;
				GCC_PREPROCESSOR_DEFINITIONS = (
					"DEBUG=1",
					"$(inherited)",
				);
				GCC_WARN_64_TO_32_BIT_CONVERSION = YES;
				GCC_WARN_ABOUT_RETURN_TYPE = YES_ERROR;
				GCC_WARN_UNDECLARED_SELECTOR = YES;
				GCC_WARN_UNINITIALIZED_AUTOS = YES_AGGRESSIVE;
				GCC_WARN_UNUSED_FUNCTION = YES;
				GCC_WARN_UNUSED_VARIABLE = YES;
				IPHONEOS_DEPLOYMENT_TARGET = 10.0;
				MTL_ENABLE_DEBUG_INFO = INCLUDE_SOURCE;
				MTL_FAST_MATH = YES;
				ONLY_ACTIVE_ARCH = YES;
				SDKROOT = iphoneos;
				SWIFT_ACTIVE_COMPILATION_CONDITIONS = DEBUG;
				SWIFT_OPTIMIZATION_LEVEL = "-Onone";
			};
			name = Debug;
		};
		DE06C63924B30AF80072DDCE /* Release */ = {
			isa = XCBuildConfiguration;
			buildSettings = {
				ALWAYS_SEARCH_USER_PATHS = NO;
				CLANG_ANALYZER_NONNULL = YES;
				CLANG_ANALYZER_NUMBER_OBJECT_CONVERSION = YES_AGGRESSIVE;
				CLANG_CXX_LANGUAGE_STANDARD = "gnu++14";
				CLANG_CXX_LIBRARY = "libc++";
				CLANG_ENABLE_MODULES = YES;
				CLANG_ENABLE_OBJC_ARC = YES;
				CLANG_ENABLE_OBJC_WEAK = YES;
				CLANG_WARN_BLOCK_CAPTURE_AUTORELEASING = YES;
				CLANG_WARN_BOOL_CONVERSION = YES;
				CLANG_WARN_COMMA = YES;
				CLANG_WARN_CONSTANT_CONVERSION = YES;
				CLANG_WARN_DEPRECATED_OBJC_IMPLEMENTATIONS = YES;
				CLANG_WARN_DIRECT_OBJC_ISA_USAGE = YES_ERROR;
				CLANG_WARN_DOCUMENTATION_COMMENTS = YES;
				CLANG_WARN_EMPTY_BODY = YES;
				CLANG_WARN_ENUM_CONVERSION = YES;
				CLANG_WARN_INFINITE_RECURSION = YES;
				CLANG_WARN_INT_CONVERSION = YES;
				CLANG_WARN_NON_LITERAL_NULL_CONVERSION = YES;
				CLANG_WARN_OBJC_IMPLICIT_RETAIN_SELF = YES;
				CLANG_WARN_OBJC_LITERAL_CONVERSION = YES;
				CLANG_WARN_OBJC_ROOT_CLASS = YES_ERROR;
				CLANG_WARN_RANGE_LOOP_ANALYSIS = YES;
				CLANG_WARN_STRICT_PROTOTYPES = YES;
				CLANG_WARN_SUSPICIOUS_MOVE = YES;
				CLANG_WARN_UNGUARDED_AVAILABILITY = YES_AGGRESSIVE;
				CLANG_WARN_UNREACHABLE_CODE = YES;
				CLANG_WARN__DUPLICATE_METHOD_MATCH = YES;
				COPY_PHASE_STRIP = NO;
				DEBUG_INFORMATION_FORMAT = "dwarf-with-dsym";
				ENABLE_NS_ASSERTIONS = NO;
				ENABLE_STRICT_OBJC_MSGSEND = YES;
				GCC_C_LANGUAGE_STANDARD = gnu11;
				GCC_NO_COMMON_BLOCKS = YES;
				GCC_WARN_64_TO_32_BIT_CONVERSION = YES;
				GCC_WARN_ABOUT_RETURN_TYPE = YES_ERROR;
				GCC_WARN_UNDECLARED_SELECTOR = YES;
				GCC_WARN_UNINITIALIZED_AUTOS = YES_AGGRESSIVE;
				GCC_WARN_UNUSED_FUNCTION = YES;
				GCC_WARN_UNUSED_VARIABLE = YES;
				IPHONEOS_DEPLOYMENT_TARGET = 10.0;
				MTL_ENABLE_DEBUG_INFO = NO;
				MTL_FAST_MATH = YES;
				SDKROOT = iphoneos;
				SWIFT_COMPILATION_MODE = wholemodule;
				SWIFT_OPTIMIZATION_LEVEL = "-O";
				VALIDATE_PRODUCT = YES;
			};
			name = Release;
		};
		DE06C63B24B30AF80072DDCE /* Debug */ = {
			isa = XCBuildConfiguration;
			buildSettings = {
				ASSETCATALOG_COMPILER_APPICON_NAME = AppIcon;
				CODE_SIGN_STYLE = Automatic;
				INFOPLIST_FILE = FZHCache/Info.plist;
				LD_RUNPATH_SEARCH_PATHS = (
					"$(inherited)",
					"@executable_path/Frameworks",
				);
				PRODUCT_BUNDLE_IDENTIFIER = com.test.aaa.FZHCache;
				PRODUCT_NAME = "$(TARGET_NAME)";
				SWIFT_VERSION = 5.0;
				TARGETED_DEVICE_FAMILY = "1,2";
			};
			name = Debug;
		};
		DE06C63C24B30AF80072DDCE /* Release */ = {
			isa = XCBuildConfiguration;
			buildSettings = {
				ASSETCATALOG_COMPILER_APPICON_NAME = AppIcon;
				CODE_SIGN_STYLE = Automatic;
				INFOPLIST_FILE = FZHCache/Info.plist;
				LD_RUNPATH_SEARCH_PATHS = (
					"$(inherited)",
					"@executable_path/Frameworks",
				);
				PRODUCT_BUNDLE_IDENTIFIER = com.test.aaa.FZHCache;
				PRODUCT_NAME = "$(TARGET_NAME)";
				SWIFT_VERSION = 5.0;
				TARGETED_DEVICE_FAMILY = "1,2";
			};
			name = Release;
		};
/* End XCBuildConfiguration section */

/* Begin XCConfigurationList section */
		DE06C62124B30AF50072DDCE /* Build configuration list for PBXProject "FZHCache" */ = {
			isa = XCConfigurationList;
			buildConfigurations = (
				DE06C63824B30AF80072DDCE /* Debug */,
				DE06C63924B30AF80072DDCE /* Release */,
			);
			defaultConfigurationIsVisible = 0;
			defaultConfigurationName = Release;
		};
		DE06C63A24B30AF80072DDCE /* Build configuration list for PBXNativeTarget "FZHCache" */ = {
			isa = XCConfigurationList;
			buildConfigurations = (
				DE06C63B24B30AF80072DDCE /* Debug */,
				DE06C63C24B30AF80072DDCE /* Release */,
			);
			defaultConfigurationIsVisible = 0;
			defaultConfigurationName = Release;
		};
/* End XCConfigurationList section */
	};
	rootObject = DE06C61E24B30AF50072DDCE /* Project object */;
}
