// !$*UTF8*$!
{
	archiveVersion = 1;
	classes = {
	};
	objectVersion = 50;
	objects = {

/* Begin PBXBuildFile section */
		DE0787EC24922BE0007E71AE /* Constant.swift in Sources */ = {isa = PBXBuildFile; fileRef = DE0787EB24922BE0007E71AE /* Constant.swift */; };
		DE266B6F24626481002938C2 /* AppDelegate.swift in Sources */ = {isa = PBXBuildFile; fileRef = DE266B6E24626481002938C2 /* AppDelegate.swift */; };
		DE266B7124626481002938C2 /* SceneDelegate.swift in Sources */ = {isa = PBXBuildFile; fileRef = DE266B7024626481002938C2 /* SceneDelegate.swift */; };
		DE266B7324626481002938C2 /* ViewController.swift in Sources */ = {isa = PBXBuildFile; fileRef = DE266B7224626481002938C2 /* ViewController.swift */; };
		DE266B7624626481002938C2 /* Main.storyboard in Resources */ = {isa = PBXBuildFile; fileRef = DE266B7424626481002938C2 /* Main.storyboard */; };
		DE266B7824626485002938C2 /* Assets.xcassets in Resources */ = {isa = PBXBuildFile; fileRef = DE266B7724626485002938C2 /* Assets.xcassets */; };
		DE266B7B24626485002938C2 /* LaunchScreen.storyboard in Resources */ = {isa = PBXBuildFile; fileRef = DE266B7924626485002938C2 /* LaunchScreen.storyboard */; };
		DE2DC90F248E071D00C1093E /* MemoryStorage.swift in Sources */ = {isa = PBXBuildFile; fileRef = DE2DC90E248E071D00C1093E /* MemoryStorage.swift */; };
		DE2DC911248E0E5700C1093E /* MemoryCache.swift in Sources */ = {isa = PBXBuildFile; fileRef = DE2DC910248E0E5700C1093E /* MemoryCache.swift */; };
		DE2DC913248E16AC00C1093E /* CacheBehavior.swift in Sources */ = {isa = PBXBuildFile; fileRef = DE2DC912248E16AC00C1093E /* CacheBehavior.swift */; };
		DE2DC915248E1CB900C1093E /* DiskStorage.swift in Sources */ = {isa = PBXBuildFile; fileRef = DE2DC914248E1CB900C1093E /* DiskStorage.swift */; };
		DED431CC2492055800BB7D99 /* DiskCache.swift in Sources */ = {isa = PBXBuildFile; fileRef = DED431CB2492055800BB7D99 /* DiskCache.swift */; };
		DED431CE2492110200BB7D99 /* Cache.swift in Sources */ = {isa = PBXBuildFile; fileRef = DED431CD2492110200BB7D99 /* Cache.swift */; };
/* End PBXBuildFile section */

/* Begin PBXFileReference section */
		DE0787EB24922BE0007E71AE /* Constant.swift */ = {isa = PBXFileReference; lastKnownFileType = sourcecode.swift; path = Constant.swift; sourceTree = "<group>"; };
		DE266B6B24626481002938C2 /* FZHCache.app */ = {isa = PBXFileReference; explicitFileType = wrapper.application; includeInIndex = 0; path = FZHCache.app; sourceTree = BUILT_PRODUCTS_DIR; };
		DE266B6E24626481002938C2 /* AppDelegate.swift */ = {isa = PBXFileReference; lastKnownFileType = sourcecode.swift; path = AppDelegate.swift; sourceTree = "<group>"; };
		DE266B7024626481002938C2 /* SceneDelegate.swift */ = {isa = PBXFileReference; lastKnownFileType = sourcecode.swift; path = SceneDelegate.swift; sourceTree = "<group>"; };
		DE266B7224626481002938C2 /* ViewController.swift */ = {isa = PBXFileReference; lastKnownFileType = sourcecode.swift; path = ViewController.swift; sourceTree = "<group>"; };
		DE266B7524626481002938C2 /* Base */ = {isa = PBXFileReference; lastKnownFileType = file.storyboard; name = Base; path = Base.lproj/Main.storyboard; sourceTree = "<group>"; };
		DE266B7724626485002938C2 /* Assets.xcassets */ = {isa = PBXFileReference; lastKnownFileType = folder.assetcatalog; path = Assets.xcassets; sourceTree = "<group>"; };
		DE266B7A24626485002938C2 /* Base */ = {isa = PBXFileReference; lastKnownFileType = file.storyboard; name = Base; path = Base.lproj/LaunchScreen.storyboard; sourceTree = "<group>"; };
		DE266B7C24626485002938C2 /* Info.plist */ = {isa = PBXFileReference; lastKnownFileType = text.plist.xml; path = Info.plist; sourceTree = "<group>"; };
		DE2DC90E248E071D00C1093E /* MemoryStorage.swift */ = {isa = PBXFileReference; lastKnownFileType = sourcecode.swift; path = MemoryStorage.swift; sourceTree = "<group>"; };
		DE2DC910248E0E5700C1093E /* MemoryCache.swift */ = {isa = PBXFileReference; lastKnownFileType = sourcecode.swift; path = MemoryCache.swift; sourceTree = "<group>"; };
		DE2DC912248E16AC00C1093E /* CacheBehavior.swift */ = {isa = PBXFileReference; lastKnownFileType = sourcecode.swift; path = CacheBehavior.swift; sourceTree = "<group>"; };
		DE2DC914248E1CB900C1093E /* DiskStorage.swift */ = {isa = PBXFileReference; lastKnownFileType = sourcecode.swift; path = DiskStorage.swift; sourceTree = "<group>"; };
		DED431CB2492055800BB7D99 /* DiskCache.swift */ = {isa = PBXFileReference; lastKnownFileType = sourcecode.swift; path = DiskCache.swift; sourceTree = "<group>"; };
		DED431CD2492110200BB7D99 /* Cache.swift */ = {isa = PBXFileReference; lastKnownFileType = sourcecode.swift; path = Cache.swift; sourceTree = "<group>"; };
/* End PBXFileReference section */

/* Begin PBXFrameworksBuildPhase section */
		DE266B6824626481002938C2 /* Frameworks */ = {
			isa = PBXFrameworksBuildPhase;
			buildActionMask = 2147483647;
			files = (
			);
			runOnlyForDeploymentPostprocessing = 0;
		};
/* End PBXFrameworksBuildPhase section */

/* Begin PBXGroup section */
		DE266B6224626481002938C2 = {
			isa = PBXGroup;
			children = (
				DE266B6D24626481002938C2 /* FZHCache */,
				DE266B6C24626481002938C2 /* Products */,
			);
			sourceTree = "<group>";
		};
		DE266B6C24626481002938C2 /* Products */ = {
			isa = PBXGroup;
			children = (
				DE266B6B24626481002938C2 /* FZHCache.app */,
			);
			name = Products;
			sourceTree = "<group>";
		};
		DE266B6D24626481002938C2 /* FZHCache */ = {
			isa = PBXGroup;
			children = (
				DE2DC90D248E065600C1093E /* Source */,
				DE266B6E24626481002938C2 /* AppDelegate.swift */,
				DE266B7024626481002938C2 /* SceneDelegate.swift */,
				DE266B7224626481002938C2 /* ViewController.swift */,
				DE266B7424626481002938C2 /* Main.storyboard */,
				DE266B7724626485002938C2 /* Assets.xcassets */,
				DE266B7924626485002938C2 /* LaunchScreen.storyboard */,
				DE266B7C24626485002938C2 /* Info.plist */,
			);
			path = FZHCache;
			sourceTree = "<group>";
		};
		DE2DC90D248E065600C1093E /* Source */ = {
			isa = PBXGroup;
			children = (
				DE2DC90E248E071D00C1093E /* MemoryStorage.swift */,
				DE2DC910248E0E5700C1093E /* MemoryCache.swift */,
				DE2DC912248E16AC00C1093E /* CacheBehavior.swift */,
				DE2DC914248E1CB900C1093E /* DiskStorage.swift */,
				DED431CB2492055800BB7D99 /* DiskCache.swift */,
				DED431CD2492110200BB7D99 /* Cache.swift */,
				DE0787EB24922BE0007E71AE /* Constant.swift */,
			);
			path = Source;
			sourceTree = "<group>";
		};
/* End PBXGroup section */

/* Begin PBXNativeTarget section */
		DE266B6A24626481002938C2 /* FZHCache */ = {
			isa = PBXNativeTarget;
			buildConfigurationList = DE266B7F24626485002938C2 /* Build configuration list for PBXNativeTarget "FZHCache" */;
			buildPhases = (
				DE266B6724626481002938C2 /* Sources */,
				DE266B6824626481002938C2 /* Frameworks */,
				DE266B6924626481002938C2 /* Resources */,
			);
			buildRules = (
			);
			dependencies = (
			);
			name = FZHCache;
			productName = FZHCache;
			productReference = DE266B6B24626481002938C2 /* FZHCache.app */;
			productType = "com.apple.product-type.application";
		};
/* End PBXNativeTarget section */

/* Begin PBXProject section */
		DE266B6324626481002938C2 /* Project object */ = {
			isa = PBXProject;
			attributes = {
				LastSwiftUpdateCheck = 1130;
				LastUpgradeCheck = 1130;
				ORGANIZATIONNAME = Phil.Feng;
				TargetAttributes = {
					DE266B6A24626481002938C2 = {
						CreatedOnToolsVersion = 11.3.1;
					};
				};
			};
			buildConfigurationList = DE266B6624626481002938C2 /* Build configuration list for PBXProject "FZHCache" */;
			compatibilityVersion = "Xcode 9.3";
			developmentRegion = en;
			hasScannedForEncodings = 0;
			knownRegions = (
				en,
				Base,
			);
			mainGroup = DE266B6224626481002938C2;
			productRefGroup = DE266B6C24626481002938C2 /* Products */;
			projectDirPath = "";
			projectRoot = "";
			targets = (
				DE266B6A24626481002938C2 /* FZHCache */,
			);
		};
/* End PBXProject section */

/* Begin PBXResourcesBuildPhase section */
		DE266B6924626481002938C2 /* Resources */ = {
			isa = PBXResourcesBuildPhase;
			buildActionMask = 2147483647;
			files = (
				DE266B7B24626485002938C2 /* LaunchScreen.storyboard in Resources */,
				DE266B7824626485002938C2 /* Assets.xcassets in Resources */,
				DE266B7624626481002938C2 /* Main.storyboard in Resources */,
			);
			runOnlyForDeploymentPostprocessing = 0;
		};
/* End PBXResourcesBuildPhase section */

/* Begin PBXSourcesBuildPhase section */
		DE266B6724626481002938C2 /* Sources */ = {
			isa = PBXSourcesBuildPhase;
			buildActionMask = 2147483647;
			files = (
				DED431CE2492110200BB7D99 /* Cache.swift in Sources */,
				DE266B7324626481002938C2 /* ViewController.swift in Sources */,
				DE2DC911248E0E5700C1093E /* MemoryCache.swift in Sources */,
				DE266B6F24626481002938C2 /* AppDelegate.swift in Sources */,
				DED431CC2492055800BB7D99 /* DiskCache.swift in Sources */,
				DE2DC913248E16AC00C1093E /* CacheBehavior.swift in Sources */,
				DE2DC915248E1CB900C1093E /* DiskStorage.swift in Sources */,
				DE0787EC24922BE0007E71AE /* Constant.swift in Sources */,
				DE2DC90F248E071D00C1093E /* MemoryStorage.swift in Sources */,
				DE266B7124626481002938C2 /* SceneDelegate.swift in Sources */,
			);
			runOnlyForDeploymentPostprocessing = 0;
		};
/* End PBXSourcesBuildPhase section */

/* Begin PBXVariantGroup section */
		DE266B7424626481002938C2 /* Main.storyboard */ = {
			isa = PBXVariantGroup;
			children = (
				DE266B7524626481002938C2 /* Base */,
			);
			name = Main.storyboard;
			sourceTree = "<group>";
		};
		DE266B7924626485002938C2 /* LaunchScreen.storyboard */ = {
			isa = PBXVariantGroup;
			children = (
				DE266B7A24626485002938C2 /* Base */,
			);
			name = LaunchScreen.storyboard;
			sourceTree = "<group>";
		};
/* End PBXVariantGroup section */

/* Begin XCBuildConfiguration section */
		DE266B7D24626485002938C2 /* Debug */ = {
			isa = XCBuildConfiguration;
			buildSettings = {
				ALWAYS_SEARCH_USER_PATHS = NO;
				CLANG_ANALYZER_NONNULL = YES;
				CLANG_ANALYZER_NUMBER_OBJECT_CONVERSION = YES_AGGRESSIVE;
				CLANG_CXX_LANGUAGE_STANDARD = "gnu++14";
				CLANG_CXX_LIBRARY = "libc++";
				CLANG_ENABLE_MODULES = YES;
				CLANG_ENABLE_OBJC_ARC = YES;
				CLANG_ENABLE_OBJC_WEAK = YES;
				CLANG_WARN_BLOCK_CAPTURE_AUTORELEASING = YES;
				CLANG_WARN_BOOL_CONVERSION = YES;
				CLANG_WARN_COMMA = YES;
				CLANG_WARN_CONSTANT_CONVERSION = YES;
				CLANG_WARN_DEPRECATED_OBJC_IMPLEMENTATIONS = YES;
				CLANG_WARN_DIRECT_OBJC_ISA_USAGE = YES_ERROR;
				CLANG_WARN_DOCUMENTATION_COMMENTS = YES;
				CLANG_WARN_EMPTY_BODY = YES;
				CLANG_WARN_ENUM_CONVERSION = YES;
				CLANG_WARN_INFINITE_RECURSION = YES;
				CLANG_WARN_INT_CONVERSION = YES;
				CLANG_WARN_NON_LITERAL_NULL_CONVERSION = YES;
				CLANG_WARN_OBJC_IMPLICIT_RETAIN_SELF = YES;
				CLANG_WARN_OBJC_LITERAL_CONVERSION = YES;
				CLANG_WARN_OBJC_ROOT_CLASS = YES_ERROR;
				CLANG_WARN_RANGE_LOOP_ANALYSIS = YES;
				CLANG_WARN_STRICT_PROTOTYPES = YES;
				CLANG_WARN_SUSPICIOUS_MOVE = YES;
				CLANG_WARN_UNGUARDED_AVAILABILITY = YES_AGGRESSIVE;
				CLANG_WARN_UNREACHABLE_CODE = YES;
				CLANG_WARN__DUPLICATE_METHOD_MATCH = YES;
				COPY_PHASE_STRIP = NO;
				DEBUG_INFORMATION_FORMAT = dwarf;
				ENABLE_STRICT_OBJC_MSGSEND = YES;
				ENABLE_TESTABILITY = YES;
				GCC_C_LANGUAGE_STANDARD = gnu11;
				GCC_DYNAMIC_NO_PIC = NO;
				GCC_NO_COMMON_BLOCKS = YES;
				GCC_OPTIMIZATION_LEVEL = 0;
				GCC_PREPROCESSOR_DEFINITIONS = (
					"DEBUG=1",
					"$(inherited)",
				);
				GCC_WARN_64_TO_32_BIT_CONVERSION = YES;
				GCC_WARN_ABOUT_RETURN_TYPE = YES_ERROR;
				GCC_WARN_UNDECLARED_SELECTOR = YES;
				GCC_WARN_UNINITIALIZED_AUTOS = YES_AGGRESSIVE;
				GCC_WARN_UNUSED_FUNCTION = YES;
				GCC_WARN_UNUSED_VARIABLE = YES;
				IPHONEOS_DEPLOYMENT_TARGET = 13.2;
				MTL_ENABLE_DEBUG_INFO = INCLUDE_SOURCE;
				MTL_FAST_MATH = YES;
				ONLY_ACTIVE_ARCH = YES;
				SDKROOT = iphoneos;
				SWIFT_ACTIVE_COMPILATION_CONDITIONS = DEBUG;
				SWIFT_OPTIMIZATION_LEVEL = "-Onone";
			};
			name = Debug;
		};
		DE266B7E24626485002938C2 /* Release */ = {
			isa = XCBuildConfiguration;
			buildSettings = {
				ALWAYS_SEARCH_USER_PATHS = NO;
				CLANG_ANALYZER_NONNULL = YES;
				CLANG_ANALYZER_NUMBER_OBJECT_CONVERSION = YES_AGGRESSIVE;
				CLANG_CXX_LANGUAGE_STANDARD = "gnu++14";
				CLANG_CXX_LIBRARY = "libc++";
				CLANG_ENABLE_MODULES = YES;
				CLANG_ENABLE_OBJC_ARC = YES;
				CLANG_ENABLE_OBJC_WEAK = YES;
				CLANG_WARN_BLOCK_CAPTURE_AUTORELEASING = YES;
				CLANG_WARN_BOOL_CONVERSION = YES;
				CLANG_WARN_COMMA = YES;
				CLANG_WARN_CONSTANT_CONVERSION = YES;
				CLANG_WARN_DEPRECATED_OBJC_IMPLEMENTATIONS = YES;
				CLANG_WARN_DIRECT_OBJC_ISA_USAGE = YES_ERROR;
				CLANG_WARN_DOCUMENTATION_COMMENTS = YES;
				CLANG_WARN_EMPTY_BODY = YES;
				CLANG_WARN_ENUM_CONVERSION = YES;
				CLANG_WARN_INFINITE_RECURSION = YES;
				CLANG_WARN_INT_CONVERSION = YES;
				CLANG_WARN_NON_LITERAL_NULL_CONVERSION = YES;
				CLANG_WARN_OBJC_IMPLICIT_RETAIN_SELF = YES;
				CLANG_WARN_OBJC_LITERAL_CONVERSION = YES;
				CLANG_WARN_OBJC_ROOT_CLASS = YES_ERROR;
				CLANG_WARN_RANGE_LOOP_ANALYSIS = YES;
				CLANG_WARN_STRICT_PROTOTYPES = YES;
				CLANG_WARN_SUSPICIOUS_MOVE = YES;
				CLANG_WARN_UNGUARDED_AVAILABILITY = YES_AGGRESSIVE;
				CLANG_WARN_UNREACHABLE_CODE = YES;
				CLANG_WARN__DUPLICATE_METHOD_MATCH = YES;
				COPY_PHASE_STRIP = NO;
				DEBUG_INFORMATION_FORMAT = "dwarf-with-dsym";
				ENABLE_NS_ASSERTIONS = NO;
				ENABLE_STRICT_OBJC_MSGSEND = YES;
				GCC_C_LANGUAGE_STANDARD = gnu11;
				GCC_NO_COMMON_BLOCKS = YES;
				GCC_WARN_64_TO_32_BIT_CONVERSION = YES;
				GCC_WARN_ABOUT_RETURN_TYPE = YES_ERROR;
				GCC_WARN_UNDECLARED_SELECTOR = YES;
				GCC_WARN_UNINITIALIZED_AUTOS = YES_AGGRESSIVE;
				GCC_WARN_UNUSED_FUNCTION = YES;
				GCC_WARN_UNUSED_VARIABLE = YES;
				IPHONEOS_DEPLOYMENT_TARGET = 13.2;
				MTL_ENABLE_DEBUG_INFO = NO;
				MTL_FAST_MATH = YES;
				SDKROOT = iphoneos;
				SWIFT_COMPILATION_MODE = wholemodule;
				SWIFT_OPTIMIZATION_LEVEL = "-O";
				VALIDATE_PRODUCT = YES;
			};
			name = Release;
		};
		DE266B8024626485002938C2 /* Debug */ = {
			isa = XCBuildConfiguration;
			buildSettings = {
				ASSETCATALOG_COMPILER_APPICON_NAME = AppIcon;
				CODE_SIGN_STYLE = Automatic;
				INFOPLIST_FILE = FZHCache/Info.plist;
				LD_RUNPATH_SEARCH_PATHS = (
					"$(inherited)",
					"@executable_path/Frameworks",
				);
				PRODUCT_BUNDLE_IDENTIFIER = com.test.aaa.FZHCache;
				PRODUCT_NAME = "$(TARGET_NAME)";
				SWIFT_VERSION = 5.0;
				TARGETED_DEVICE_FAMILY = "1,2";
			};
			name = Debug;
		};
		DE266B8124626485002938C2 /* Release */ = {
			isa = XCBuildConfiguration;
			buildSettings = {
				ASSETCATALOG_COMPILER_APPICON_NAME = AppIcon;
				CODE_SIGN_STYLE = Automatic;
				INFOPLIST_FILE = FZHCache/Info.plist;
				LD_RUNPATH_SEARCH_PATHS = (
					"$(inherited)",
					"@executable_path/Frameworks",
				);
				PRODUCT_BUNDLE_IDENTIFIER = com.test.aaa.FZHCache;
				PRODUCT_NAME = "$(TARGET_NAME)";
				SWIFT_VERSION = 5.0;
				TARGETED_DEVICE_FAMILY = "1,2";
			};
			name = Release;
		};
/* End XCBuildConfiguration section */

/* Begin XCConfigurationList section */
		DE266B6624626481002938C2 /* Build configuration list for PBXProject "FZHCache" */ = {
			isa = XCConfigurationList;
			buildConfigurations = (
				DE266B7D24626485002938C2 /* Debug */,
				DE266B7E24626485002938C2 /* Release */,
			);
			defaultConfigurationIsVisible = 0;
			defaultConfigurationName = Release;
		};
		DE266B7F24626485002938C2 /* Build configuration list for PBXNativeTarget "FZHCache" */ = {
			isa = XCConfigurationList;
			buildConfigurations = (
				DE266B8024626485002938C2 /* Debug */,
				DE266B8124626485002938C2 /* Release */,
			);
			defaultConfigurationIsVisible = 0;
			defaultConfigurationName = Release;
		};
/* End XCConfigurationList section */
	};
	rootObject = DE266B6324626481002938C2 /* Project object */;
}
